# This file is generated by running "yarn install" inside your project.
# Manual changes might be lost - proceed with caution!

__metadata:
  version: 7
  cacheKey: 9

"@ehutchllew/utils@workspace:.":
  version: 0.0.0-use.local
  resolution: "@ehutchllew/utils@workspace:."
  dependencies:
    "@swc/core": "npm:^1.3.49"
    "@types/node": "npm:^18.15.11"
    esbuild: "npm:^0.17.16"
    typescript: "npm:^5.0.4"
  languageName: unknown
  linkType: soft

"@esbuild/android-arm64@npm:0.17.16":
  version: 0.17.16
  resolution: "@esbuild/android-arm64@npm:0.17.16"
  conditions: os=android & cpu=arm64
  languageName: node
  linkType: hard

"@esbuild/android-arm@npm:0.17.16":
  version: 0.17.16
  resolution: "@esbuild/android-arm@npm:0.17.16"
  conditions: os=android & cpu=arm
  languageName: node
  linkType: hard

"@esbuild/android-x64@npm:0.17.16":
  version: 0.17.16
  resolution: "@esbuild/android-x64@npm:0.17.16"
  conditions: os=android & cpu=x64
  languageName: node
  linkType: hard

"@esbuild/darwin-arm64@npm:0.17.16":
  version: 0.17.16
  resolution: "@esbuild/darwin-arm64@npm:0.17.16"
  conditions: os=darwin & cpu=arm64
  languageName: node
  linkType: hard

"@esbuild/darwin-x64@npm:0.17.16":
  version: 0.17.16
  resolution: "@esbuild/darwin-x64@npm:0.17.16"
  conditions: os=darwin & cpu=x64
  languageName: node
  linkType: hard

"@esbuild/freebsd-arm64@npm:0.17.16":
  version: 0.17.16
  resolution: "@esbuild/freebsd-arm64@npm:0.17.16"
  conditions: os=freebsd & cpu=arm64
  languageName: node
  linkType: hard

"@esbuild/freebsd-x64@npm:0.17.16":
  version: 0.17.16
  resolution: "@esbuild/freebsd-x64@npm:0.17.16"
  conditions: os=freebsd & cpu=x64
  languageName: node
  linkType: hard

"@esbuild/linux-arm64@npm:0.17.16":
  version: 0.17.16
  resolution: "@esbuild/linux-arm64@npm:0.17.16"
  conditions: os=linux & cpu=arm64
  languageName: node
  linkType: hard

"@esbuild/linux-arm@npm:0.17.16":
  version: 0.17.16
  resolution: "@esbuild/linux-arm@npm:0.17.16"
  conditions: os=linux & cpu=arm
  languageName: node
  linkType: hard

"@esbuild/linux-ia32@npm:0.17.16":
  version: 0.17.16
  resolution: "@esbuild/linux-ia32@npm:0.17.16"
  conditions: os=linux & cpu=ia32
  languageName: node
  linkType: hard

"@esbuild/linux-loong64@npm:0.17.16":
  version: 0.17.16
  resolution: "@esbuild/linux-loong64@npm:0.17.16"
  conditions: os=linux & cpu=loong64
  languageName: node
  linkType: hard

"@esbuild/linux-mips64el@npm:0.17.16":
  version: 0.17.16
  resolution: "@esbuild/linux-mips64el@npm:0.17.16"
  conditions: os=linux & cpu=mips64el
  languageName: node
  linkType: hard

"@esbuild/linux-ppc64@npm:0.17.16":
  version: 0.17.16
  resolution: "@esbuild/linux-ppc64@npm:0.17.16"
  conditions: os=linux & cpu=ppc64
  languageName: node
  linkType: hard

"@esbuild/linux-riscv64@npm:0.17.16":
  version: 0.17.16
  resolution: "@esbuild/linux-riscv64@npm:0.17.16"
  conditions: os=linux & cpu=riscv64
  languageName: node
  linkType: hard

"@esbuild/linux-s390x@npm:0.17.16":
  version: 0.17.16
  resolution: "@esbuild/linux-s390x@npm:0.17.16"
  conditions: os=linux & cpu=s390x
  languageName: node
  linkType: hard

"@esbuild/linux-x64@npm:0.17.16":
  version: 0.17.16
  resolution: "@esbuild/linux-x64@npm:0.17.16"
  conditions: os=linux & cpu=x64
  languageName: node
  linkType: hard

"@esbuild/netbsd-x64@npm:0.17.16":
  version: 0.17.16
  resolution: "@esbuild/netbsd-x64@npm:0.17.16"
  conditions: os=netbsd & cpu=x64
  languageName: node
  linkType: hard

"@esbuild/openbsd-x64@npm:0.17.16":
  version: 0.17.16
  resolution: "@esbuild/openbsd-x64@npm:0.17.16"
  conditions: os=openbsd & cpu=x64
  languageName: node
  linkType: hard

"@esbuild/sunos-x64@npm:0.17.16":
  version: 0.17.16
  resolution: "@esbuild/sunos-x64@npm:0.17.16"
  conditions: os=sunos & cpu=x64
  languageName: node
  linkType: hard

"@esbuild/win32-arm64@npm:0.17.16":
  version: 0.17.16
  resolution: "@esbuild/win32-arm64@npm:0.17.16"
  conditions: os=win32 & cpu=arm64
  languageName: node
  linkType: hard

"@esbuild/win32-ia32@npm:0.17.16":
  version: 0.17.16
  resolution: "@esbuild/win32-ia32@npm:0.17.16"
  conditions: os=win32 & cpu=ia32
  languageName: node
  linkType: hard

"@esbuild/win32-x64@npm:0.17.16":
  version: 0.17.16
  resolution: "@esbuild/win32-x64@npm:0.17.16"
  conditions: os=win32 & cpu=x64
  languageName: node
  linkType: hard

"@swc/core-darwin-arm64@npm:1.3.49":
  version: 1.3.49
  resolution: "@swc/core-darwin-arm64@npm:1.3.49"
  conditions: os=darwin & cpu=arm64
  languageName: node
  linkType: hard

"@swc/core-darwin-x64@npm:1.3.49":
  version: 1.3.49
  resolution: "@swc/core-darwin-x64@npm:1.3.49"
  conditions: os=darwin & cpu=x64
  languageName: node
  linkType: hard

"@swc/core-linux-arm-gnueabihf@npm:1.3.49":
  version: 1.3.49
  resolution: "@swc/core-linux-arm-gnueabihf@npm:1.3.49"
  conditions: os=linux & cpu=arm
  languageName: node
  linkType: hard

"@swc/core-linux-arm64-gnu@npm:1.3.49":
  version: 1.3.49
  resolution: "@swc/core-linux-arm64-gnu@npm:1.3.49"
  conditions: os=linux & cpu=arm64 & libc=glibc
  languageName: node
  linkType: hard

"@swc/core-linux-arm64-musl@npm:1.3.49":
  version: 1.3.49
  resolution: "@swc/core-linux-arm64-musl@npm:1.3.49"
  conditions: os=linux & cpu=arm64 & libc=musl
  languageName: node
  linkType: hard

"@swc/core-linux-x64-gnu@npm:1.3.49":
  version: 1.3.49
  resolution: "@swc/core-linux-x64-gnu@npm:1.3.49"
  conditions: os=linux & cpu=x64 & libc=glibc
  languageName: node
  linkType: hard

"@swc/core-linux-x64-musl@npm:1.3.49":
  version: 1.3.49
  resolution: "@swc/core-linux-x64-musl@npm:1.3.49"
  conditions: os=linux & cpu=x64 & libc=musl
  languageName: node
  linkType: hard

"@swc/core-win32-arm64-msvc@npm:1.3.49":
  version: 1.3.49
  resolution: "@swc/core-win32-arm64-msvc@npm:1.3.49"
  conditions: os=win32 & cpu=arm64
  languageName: node
  linkType: hard

"@swc/core-win32-ia32-msvc@npm:1.3.49":
  version: 1.3.49
  resolution: "@swc/core-win32-ia32-msvc@npm:1.3.49"
  conditions: os=win32 & cpu=ia32
  languageName: node
  linkType: hard

"@swc/core-win32-x64-msvc@npm:1.3.49":
  version: 1.3.49
  resolution: "@swc/core-win32-x64-msvc@npm:1.3.49"
  conditions: os=win32 & cpu=x64
  languageName: node
  linkType: hard

"@swc/core@npm:^1.3.49":
  version: 1.3.49
  resolution: "@swc/core@npm:1.3.49"
  dependencies:
    "@swc/core-darwin-arm64": "npm:1.3.49"
    "@swc/core-darwin-x64": "npm:1.3.49"
    "@swc/core-linux-arm-gnueabihf": "npm:1.3.49"
    "@swc/core-linux-arm64-gnu": "npm:1.3.49"
    "@swc/core-linux-arm64-musl": "npm:1.3.49"
    "@swc/core-linux-x64-gnu": "npm:1.3.49"
    "@swc/core-linux-x64-musl": "npm:1.3.49"
    "@swc/core-win32-arm64-msvc": "npm:1.3.49"
    "@swc/core-win32-ia32-msvc": "npm:1.3.49"
    "@swc/core-win32-x64-msvc": "npm:1.3.49"
  peerDependencies:
    "@swc/helpers": ^0.5.0
  dependenciesMeta:
    "@swc/core-darwin-arm64":
      optional: true
    "@swc/core-darwin-x64":
      optional: true
    "@swc/core-linux-arm-gnueabihf":
      optional: true
    "@swc/core-linux-arm64-gnu":
      optional: true
    "@swc/core-linux-arm64-musl":
      optional: true
    "@swc/core-linux-x64-gnu":
      optional: true
    "@swc/core-linux-x64-musl":
      optional: true
    "@swc/core-win32-arm64-msvc":
      optional: true
    "@swc/core-win32-ia32-msvc":
      optional: true
    "@swc/core-win32-x64-msvc":
      optional: true
  peerDependenciesMeta:
    "@swc/helpers":
      optional: true
  checksum: 23fca2f44254013cbeb8f54be5b9a2cc1254ed0bfd7771819b975f5a11e6a3c4fca4177239b3a1008d0ed945511925cbe694496e315dab3eeb42939801d1c4e4
  languageName: node
  linkType: hard

"@types/node@npm:^18.15.11":
  version: 18.15.11
  resolution: "@types/node@npm:18.15.11"
  checksum: 2ad6c7aeb0841a821d5f0556ccbc9c0cec597cb31b5fe58b085740983f6b01a21a3c62c37ca642dd92b5de8935d6084896634af19f1f022e8d173049ad258a60
  languageName: node
  linkType: hard

"esbuild@npm:^0.17.16":
  version: 0.17.16
  resolution: "esbuild@npm:0.17.16"
  dependencies:
    "@esbuild/android-arm": "npm:0.17.16"
    "@esbuild/android-arm64": "npm:0.17.16"
    "@esbuild/android-x64": "npm:0.17.16"
    "@esbuild/darwin-arm64": "npm:0.17.16"
    "@esbuild/darwin-x64": "npm:0.17.16"
    "@esbuild/freebsd-arm64": "npm:0.17.16"
    "@esbuild/freebsd-x64": "npm:0.17.16"
    "@esbuild/linux-arm": "npm:0.17.16"
    "@esbuild/linux-arm64": "npm:0.17.16"
    "@esbuild/linux-ia32": "npm:0.17.16"
    "@esbuild/linux-loong64": "npm:0.17.16"
    "@esbuild/linux-mips64el": "npm:0.17.16"
    "@esbuild/linux-ppc64": "npm:0.17.16"
    "@esbuild/linux-riscv64": "npm:0.17.16"
    "@esbuild/linux-s390x": "npm:0.17.16"
    "@esbuild/linux-x64": "npm:0.17.16"
    "@esbuild/netbsd-x64": "npm:0.17.16"
    "@esbuild/openbsd-x64": "npm:0.17.16"
    "@esbuild/sunos-x64": "npm:0.17.16"
    "@esbuild/win32-arm64": "npm:0.17.16"
    "@esbuild/win32-ia32": "npm:0.17.16"
    "@esbuild/win32-x64": "npm:0.17.16"
  dependenciesMeta:
    "@esbuild/android-arm":
      optional: true
    "@esbuild/android-arm64":
      optional: true
    "@esbuild/android-x64":
      optional: true
    "@esbuild/darwin-arm64":
      optional: true
    "@esbuild/darwin-x64":
      optional: true
    "@esbuild/freebsd-arm64":
      optional: true
    "@esbuild/freebsd-x64":
      optional: true
    "@esbuild/linux-arm":
      optional: true
    "@esbuild/linux-arm64":
      optional: true
    "@esbuild/linux-ia32":
      optional: true
    "@esbuild/linux-loong64":
      optional: true
    "@esbuild/linux-mips64el":
      optional: true
    "@esbuild/linux-ppc64":
      optional: true
    "@esbuild/linux-riscv64":
      optional: true
    "@esbuild/linux-s390x":
      optional: true
    "@esbuild/linux-x64":
      optional: true
    "@esbuild/netbsd-x64":
      optional: true
    "@esbuild/openbsd-x64":
      optional: true
    "@esbuild/sunos-x64":
      optional: true
    "@esbuild/win32-arm64":
      optional: true
    "@esbuild/win32-ia32":
      optional: true
    "@esbuild/win32-x64":
      optional: true
  bin:
    esbuild: bin/esbuild
  checksum: 99fc042df68be43661fc5b019bfad331cb6e701df15044153527efcec550a55c72cb79baa78f752bc43d97933e9355063a42e1a3320f51fcfed6f7fb40155af1
  languageName: node
  linkType: hard

"typescript@npm:^5.0.4":
  version: 5.0.4
  resolution: "typescript@npm:5.0.4"
  bin:
    tsc: bin/tsc
    tsserver: bin/tsserver
  checksum: 56649de784c427e8f3f63d4ebfcada4fcf03bb2a301f3327342111798db7f26f8a86285f979f376cf6cec4774bd96b4650f2693a07fc409f4544ad4c4d9fe4c9
  languageName: node
  linkType: hard

"typescript@patch:typescript@npm%3A^5.0.4#optional!builtin<compat/typescript>":
  version: 5.0.4
  resolution: "typescript@patch:typescript@npm%3A5.0.4#optional!builtin<compat/typescript>::version=5.0.4&hash=b5f058"
  bin:
    tsc: bin/tsc
    tsserver: bin/tsserver
  checksum: e4296a207d18264eb9b17a912b0929c4e8be5a4e48aefa016e952eaa445e5a4ed363a72d9023f151dc7f100d48d4bfa35480aec199f123a664ef8a622355ae4f
  languageName: node
  linkType: hard
